# THIS IS AN AUTOGENERATED FILE. DO NOT EDIT THIS FILE DIRECTLY.
# yarn lockfile v1


"@types/yamljs@^0.2.34":
  version "0.2.34"
  resolved "https://registry.yarnpkg.com/@types/yamljs/-/yamljs-0.2.34.tgz#c10b1f31b173f2cc93342f27b0796c2eb5b3ae84"
  integrity sha512-gJvfRlv9ErxdOv7ux7UsJVePtX54NAvQyd8ncoiFqK8G5aeHIfQfGH2fbruvjAQ9657HwAaO54waS+Dsk2QTUQ==
