# THIS IS AN AUTOGENERATED FILE. DO NOT EDIT THIS FILE DIRECTLY.
# yarn lockfile v1


"@types/luxon@^3.7.1":
  version "3.7.1"
  resolved "https://registry.yarnpkg.com/@types/luxon/-/luxon-3.7.1.tgz#ef51b960ff86801e4e2de80c68813a96e529d531"
  integrity sha512-H3iskjFIAn5SlJU7OuxUmTEpebK6TKB8rxZShDslBMZJ5u9S//KM1sbdAisiSrqwLQncVjnpi2OK2J51h+4lsg==

luxon@^3.7.2:
  version "3.7.2"
  resolved "https://registry.yarnpkg.com/luxon/-/luxon-3.7.2.tgz#d697e48f478553cca187a0f8436aff468e3ba0ba"
  integrity sha512-vtEhXh/gNjI9Yg1u4jX/0YVPMvxzHuGgCm6tC5kZyb08yjGWGnqAjGJvcXbqQR2P3MyMEFnRbpcdFS6PBcLqew==
